
Microsoft Visual Studio Solution File, Format Version 12.00
# Visual Studio Version 17
VisualStudioVersion = 17.13.35931.197
MinimumVisualStudioVersion = 10.0.40219.1
Project("{FAE04EC0-301F-11D3-BF4B-00C04F79EFBC}") = "WinUpdaterTest", "WinUpdaterTest\WinUpdaterTest.csproj", "{3803F86E-89CE-45AD-BBF6-6BAE2C5EF506}"
EndProject
Project("{FAE04EC0-301F-11D3-BF4B-00C04F79EFBC}") = "AppUpdater", "..\..\WinAppUpdate\AppUpdater\AppUpdater\AppUpdater.csproj", "{4B73DD2D-ACCD-A422-37D4-CE785D0A3DF2}"
EndProject
Global
	GlobalSection(SolutionConfigurationPlatforms) = preSolution
		Debug|Any CPU = Debug|Any CPU
		Release|Any CPU = Release|Any CPU
	EndGlobalSection
	GlobalSection(ProjectConfigurationPlatforms) = postSolution
		{3803F86E-89CE-45AD-BBF6-6BAE2C5EF506}.Debug|Any CPU.ActiveCfg = Debug|Any CPU
		{3803F86E-89CE-45AD-BBF6-6BAE2C5EF506}.Debug|Any CPU.Build.0 = Debug|Any CPU
		{3803F86E-89CE-45AD-BBF6-6BAE2C5EF506}.Release|Any CPU.ActiveCfg = Release|Any CPU
		{3803F86E-89CE-45AD-BBF6-6BAE2C5EF506}.Release|Any CPU.Build.0 = Release|Any CPU
		{4B73DD2D-ACCD-A422-37D4-CE785D0A3DF2}.Debug|Any CPU.ActiveCfg = Debug|Any CPU
		{4B73DD2D-ACCD-A422-37D4-CE785D0A3DF2}.Debug|Any CPU.Build.0 = Debug|Any CPU
		{4B73DD2D-ACCD-A422-37D4-CE785D0A3DF2}.Release|Any CPU.ActiveCfg = Release|Any CPU
		{4B73DD2D-ACCD-A422-37D4-CE785D0A3DF2}.Release|Any CPU.Build.0 = Release|Any CPU
	EndGlobalSection
	GlobalSection(SolutionProperties) = preSolution
		HideSolutionNode = FALSE
	EndGlobalSection
	GlobalSection(ExtensibilityGlobals) = postSolution
		SolutionGuid = {2F4AB75E-D19D-4D94-BE36-A4169FAB48AE}
	EndGlobalSection
EndGlobal
